
Microsoft Visual Studio Solution File, Format Version 12.00
# Visual Studio Version 17
VisualStudioVersion = 17.9.34728.123
MinimumVisualStudioVersion = 10.0.40219.1
Project("{FAE04EC0-301F-11D3-BF4B-00C04F79EFBC}") = "Snake", "Snake\Snake.csproj", "{9F5B4146-46CC-457C-BF0D-8E179B959980}"
EndProject
Global
	GlobalSection(SolutionConfigurationPlatforms) = preSolution
		Debug|Any CPU = Debug|Any CPU
		Release|Any CPU = Release|Any CPU
	EndGlobalSection
	GlobalSection(ProjectConfigurationPlatforms) = postSolution
		{9F5B4146-46CC-457C-BF0D-8E179B959980}.Debug|Any CPU.ActiveCfg = Debug|Any CPU
		{9F5B4146-46CC-457C-BF0D-8E179B959980}.Debug|Any CPU.Build.0 = Debug|Any CPU
		{9F5B4146-46CC-457C-BF0D-8E179B959980}.Release|Any CPU.ActiveCfg = Release|Any CPU
		{9F5B4146-46CC-457C-BF0D-8E179B959980}.Release|Any CPU.Build.0 = Release|Any CPU
	EndGlobalSection
	GlobalSection(SolutionProperties) = preSolution
		HideSolutionNode = FALSE
	EndGlobalSection
	GlobalSection(ExtensibilityGlobals) = postSolution
		SolutionGuid = {37A4A5D9-D2B6-4EDF-8979-ED6174238369}
	EndGlobalSection
EndGlobal
